// !$*UTF8*$!
{
	archiveVersion = 1;
	classes = {
	};
	objectVersion = 56;
	objects = {

/* Begin PBXBuildFile section */
		240A528D2B6D8E920000BC6B /* DessertRecipesApp.swift in Sources */ = {isa = PBXBuildFile; fileRef = 240A528C2B6D8E920000BC6B /* DessertRecipesApp.swift */; };
		240A528F2B6D8E920000BC6B /* ContentView.swift in Sources */ = {isa = PBXBuildFile; fileRef = 240A528E2B6D8E920000BC6B /* ContentView.swift */; };
		240A52912B6D8E930000BC6B /* Assets.xcassets in Resources */ = {isa = PBXBuildFile; fileRef = 240A52902B6D8E930000BC6B /* Assets.xcassets */; };
		240A52942B6D8E930000BC6B /* Preview Assets.xcassets in Resources */ = {isa = PBXBuildFile; fileRef = 240A52932B6D8E930000BC6B /* Preview Assets.xcassets */; };
		240A529E2B6D8E930000BC6B /* DessertRecipesTests.swift in Sources */ = {isa = PBXBuildFile; fileRef = 240A529D2B6D8E930000BC6B /* DessertRecipesTests.swift */; };
		240A52A82B6D8E930000BC6B /* DessertRecipesUITests.swift in Sources */ = {isa = PBXBuildFile; fileRef = 240A52A72B6D8E930000BC6B /* DessertRecipesUITests.swift */; };
		240A52AA2B6D8E930000BC6B /* DessertRecipesUITestsLaunchTests.swift in Sources */ = {isa = PBXBuildFile; fileRef = 240A52A92B6D8E930000BC6B /* DessertRecipesUITestsLaunchTests.swift */; };
		240A52BC2B6D99C70000BC6B /* Meals.swift in Sources */ = {isa = PBXBuildFile; fileRef = 240A52BB2B6D99C70000BC6B /* Meals.swift */; };
		240A52BE2B6D99D90000BC6B /* MealDetails.swift in Sources */ = {isa = PBXBuildFile; fileRef = 240A52BD2B6D99D90000BC6B /* MealDetails.swift */; };
		240A52C22B6D9A060000BC6B /* MealView.swift in Sources */ = {isa = PBXBuildFile; fileRef = 240A52C12B6D9A060000BC6B /* MealView.swift */; };
		240A52C42B6D9A140000BC6B /* MealDetailView.swift in Sources */ = {isa = PBXBuildFile; fileRef = 240A52C32B6D9A140000BC6B /* MealDetailView.swift */; };
		240A52CA2B6D9A760000BC6B /* APIManager.swift in Sources */ = {isa = PBXBuildFile; fileRef = 240A52C92B6D9A760000BC6B /* APIManager.swift */; };
		240A52CC2B6DA2060000BC6B /* .gitignore in Resources */ = {isa = PBXBuildFile; fileRef = 240A52CB2B6DA2060000BC6B /* .gitignore */; };
/* End PBXBuildFile section */

/* Begin PBXContainerItemProxy section */
		240A529A2B6D8E930000BC6B /* PBXContainerItemProxy */ = {
			isa = PBXContainerItemProxy;
			containerPortal = 240A52812B6D8E920000BC6B /* Project object */;
			proxyType = 1;
			remoteGlobalIDString = 240A52882B6D8E920000BC6B;
			remoteInfo = DessertRecipes;
		};
		240A52A42B6D8E930000BC6B /* PBXContainerItemProxy */ = {
			isa = PBXContainerItemProxy;
			containerPortal = 240A52812B6D8E920000BC6B /* Project object */;
			proxyType = 1;
			remoteGlobalIDString = 240A52882B6D8E920000BC6B;
			remoteInfo = DessertRecipes;
		};
/* End PBXContainerItemProxy section */

/* Begin PBXFileReference section */
		240A52892B6D8E920000BC6B /* DessertRecipes.app */ = {isa = PBXFileReference; explicitFileType = wrapper.application; includeInIndex = 0; path = DessertRecipes.app; sourceTree = BUILT_PRODUCTS_DIR; };
		240A528C2B6D8E920000BC6B /* DessertRecipesApp.swift */ = {isa = PBXFileReference; lastKnownFileType = sourcecode.swift; path = DessertRecipesApp.swift; sourceTree = "<group>"; };
		240A528E2B6D8E920000BC6B /* ContentView.swift */ = {isa = PBXFileReference; lastKnownFileType = sourcecode.swift; path = ContentView.swift; sourceTree = "<group>"; };
		240A52902B6D8E930000BC6B /* Assets.xcassets */ = {isa = PBXFileReference; lastKnownFileType = folder.assetcatalog; path = Assets.xcassets; sourceTree = "<group>"; };
		240A52932B6D8E930000BC6B /* Preview Assets.xcassets */ = {isa = PBXFileReference; lastKnownFileType = folder.assetcatalog; path = "Preview Assets.xcassets"; sourceTree = "<group>"; };
		240A52992B6D8E930000BC6B /* DessertRecipesTests.xctest */ = {isa = PBXFileReference; explicitFileType = wrapper.cfbundle; includeInIndex = 0; path = DessertRecipesTests.xctest; sourceTree = BUILT_PRODUCTS_DIR; };
		240A529D2B6D8E930000BC6B /* DessertRecipesTests.swift */ = {isa = PBXFileReference; lastKnownFileType = sourcecode.swift; path = DessertRecipesTests.swift; sourceTree = "<group>"; };
		240A52A32B6D8E930000BC6B /* DessertRecipesUITests.xctest */ = {isa = PBXFileReference; explicitFileType = wrapper.cfbundle; includeInIndex = 0; path = DessertRecipesUITests.xctest; sourceTree = BUILT_PRODUCTS_DIR; };
		240A52A72B6D8E930000BC6B /* DessertRecipesUITests.swift */ = {isa = PBXFileReference; lastKnownFileType = sourcecode.swift; path = DessertRecipesUITests.swift; sourceTree = "<group>"; };
		240A52A92B6D8E930000BC6B /* DessertRecipesUITestsLaunchTests.swift */ = {isa = PBXFileReference; lastKnownFileType = sourcecode.swift; path = DessertRecipesUITestsLaunchTests.swift; sourceTree = "<group>"; };
		240A52BB2B6D99C70000BC6B /* Meals.swift */ = {isa = PBXFileReference; lastKnownFileType = sourcecode.swift; path = Meals.swift; sourceTree = "<group>"; };
		240A52BD2B6D99D90000BC6B /* MealDetails.swift */ = {isa = PBXFileReference; lastKnownFileType = sourcecode.swift; path = MealDetails.swift; sourceTree = "<group>"; };
		240A52C12B6D9A060000BC6B /* MealView.swift */ = {isa = PBXFileReference; lastKnownFileType = sourcecode.swift; path = MealView.swift; sourceTree = "<group>"; };
		240A52C32B6D9A140000BC6B /* MealDetailView.swift */ = {isa = PBXFileReference; lastKnownFileType = sourcecode.swift; path = MealDetailView.swift; sourceTree = "<group>"; };
		240A52C92B6D9A760000BC6B /* APIManager.swift */ = {isa = PBXFileReference; lastKnownFileType = sourcecode.swift; path = APIManager.swift; sourceTree = "<group>"; };
		240A52CB2B6DA2060000BC6B /* .gitignore */ = {isa = PBXFileReference; lastKnownFileType = text; path = .gitignore; sourceTree = "<group>"; };
/* End PBXFileReference section */

/* Begin PBXFrameworksBuildPhase section */
		240A52862B6D8E920000BC6B /* Frameworks */ = {
			isa = PBXFrameworksBuildPhase;
			buildActionMask = 2147483647;
			files = (
			);
			runOnlyForDeploymentPostprocessing = 0;
		};
		240A52962B6D8E930000BC6B /* Frameworks */ = {
			isa = PBXFrameworksBuildPhase;
			buildActionMask = 2147483647;
			files = (
			);
			runOnlyForDeploymentPostprocessing = 0;
		};
		240A52A02B6D8E930000BC6B /* Frameworks */ = {
			isa = PBXFrameworksBuildPhase;
			buildActionMask = 2147483647;
			files = (
			);
			runOnlyForDeploymentPostprocessing = 0;
		};
/* End PBXFrameworksBuildPhase section */

/* Begin PBXGroup section */
		240A52802B6D8E920000BC6B = {
			isa = PBXGroup;
			children = (
				240A52CB2B6DA2060000BC6B /* .gitignore */,
				240A528B2B6D8E920000BC6B /* DessertRecipes */,
				240A529C2B6D8E930000BC6B /* DessertRecipesTests */,
				240A52A62B6D8E930000BC6B /* DessertRecipesUITests */,
				240A528A2B6D8E920000BC6B /* Products */,
			);
			sourceTree = "<group>";
		};
		240A528A2B6D8E920000BC6B /* Products */ = {
			isa = PBXGroup;
			children = (
				240A52892B6D8E920000BC6B /* DessertRecipes.app */,
				240A52992B6D8E930000BC6B /* DessertRecipesTests.xctest */,
				240A52A32B6D8E930000BC6B /* DessertRecipesUITests.xctest */,
			);
			name = Products;
			sourceTree = "<group>";
		};
		240A528B2B6D8E920000BC6B /* DessertRecipes */ = {
			isa = PBXGroup;
			children = (
				240A52BA2B6D99AF0000BC6B /* Utils */,
				240A52B92B6D99A00000BC6B /* Networking */,
				240A52B72B6D99710000BC6B /* Views */,
				240A52B62B6D996B0000BC6B /* Model */,
				240A528C2B6D8E920000BC6B /* DessertRecipesApp.swift */,
				240A528E2B6D8E920000BC6B /* ContentView.swift */,
				240A52902B6D8E930000BC6B /* Assets.xcassets */,
				240A52922B6D8E930000BC6B /* Preview Content */,
			);
			path = DessertRecipes;
			sourceTree = "<group>";
		};
		240A52922B6D8E930000BC6B /* Preview Content */ = {
			isa = PBXGroup;
			children = (
				240A52932B6D8E930000BC6B /* Preview Assets.xcassets */,
			);
			path = "Preview Content";
			sourceTree = "<group>";
		};
		240A529C2B6D8E930000BC6B /* DessertRecipesTests */ = {
			isa = PBXGroup;
			children = (
				240A529D2B6D8E930000BC6B /* DessertRecipesTests.swift */,
			);
			path = DessertRecipesTests;
			sourceTree = "<group>";
		};
		240A52A62B6D8E930000BC6B /* DessertRecipesUITests */ = {
			isa = PBXGroup;
			children = (
				240A52A72B6D8E930000BC6B /* DessertRecipesUITests.swift */,
				240A52A92B6D8E930000BC6B /* DessertRecipesUITestsLaunchTests.swift */,
			);
			path = DessertRecipesUITests;
			sourceTree = "<group>";
		};
		240A52B62B6D996B0000BC6B /* Model */ = {
			isa = PBXGroup;
			children = (
				240A52BB2B6D99C70000BC6B /* Meals.swift */,
				240A52BD2B6D99D90000BC6B /* MealDetails.swift */,
			);
			path = Model;
			sourceTree = "<group>";
		};
		240A52B72B6D99710000BC6B /* Views */ = {
			isa = PBXGroup;
			children = (
				240A52C12B6D9A060000BC6B /* MealView.swift */,
				240A52C32B6D9A140000BC6B /* MealDetailView.swift */,
			);
			path = Views;
			sourceTree = "<group>";
		};
		240A52B92B6D99A00000BC6B /* Networking */ = {
			isa = PBXGroup;
			children = (
				240A52C92B6D9A760000BC6B /* APIManager.swift */,
			);
			path = Networking;
			sourceTree = "<group>";
		};
		240A52BA2B6D99AF0000BC6B /* Utils */ = {
			isa = PBXGroup;
			children = (
			);
			path = Utils;
			sourceTree = "<group>";
		};
/* End PBXGroup section */

/* Begin PBXNativeTarget section */
		240A52882B6D8E920000BC6B /* DessertRecipes */ = {
			isa = PBXNativeTarget;
			buildConfigurationList = 240A52AD2B6D8E930000BC6B /* Build configuration list for PBXNativeTarget "DessertRecipes" */;
			buildPhases = (
				240A52852B6D8E920000BC6B /* Sources */,
				240A52862B6D8E920000BC6B /* Frameworks */,
				240A52872B6D8E920000BC6B /* Resources */,
			);
			buildRules = (
			);
			dependencies = (
			);
			name = DessertRecipes;
			productName = DessertRecipes;
			productReference = 240A52892B6D8E920000BC6B /* DessertRecipes.app */;
			productType = "com.apple.product-type.application";
		};
		240A52982B6D8E930000BC6B /* DessertRecipesTests */ = {
			isa = PBXNativeTarget;
			buildConfigurationList = 240A52B02B6D8E930000BC6B /* Build configuration list for PBXNativeTarget "DessertRecipesTests" */;
			buildPhases = (
				240A52952B6D8E930000BC6B /* Sources */,
				240A52962B6D8E930000BC6B /* Frameworks */,
				240A52972B6D8E930000BC6B /* Resources */,
			);
			buildRules = (
			);
			dependencies = (
				240A529B2B6D8E930000BC6B /* PBXTargetDependency */,
			);
			name = DessertRecipesTests;
			productName = DessertRecipesTests;
			productReference = 240A52992B6D8E930000BC6B /* DessertRecipesTests.xctest */;
			productType = "com.apple.product-type.bundle.unit-test";
		};
		240A52A22B6D8E930000BC6B /* DessertRecipesUITests */ = {
			isa = PBXNativeTarget;
			buildConfigurationList = 240A52B32B6D8E930000BC6B /* Build configuration list for PBXNativeTarget "DessertRecipesUITests" */;
			buildPhases = (
				240A529F2B6D8E930000BC6B /* Sources */,
				240A52A02B6D8E930000BC6B /* Frameworks */,
				240A52A12B6D8E930000BC6B /* Resources */,
			);
			buildRules = (
			);
			dependencies = (
				240A52A52B6D8E930000BC6B /* PBXTargetDependency */,
			);
			name = DessertRecipesUITests;
			productName = DessertRecipesUITests;
			productReference = 240A52A32B6D8E930000BC6B /* DessertRecipesUITests.xctest */;
			productType = "com.apple.product-type.bundle.ui-testing";
		};
/* End PBXNativeTarget section */

/* Begin PBXProject section */
		240A52812B6D8E920000BC6B /* Project object */ = {
			isa = PBXProject;
			attributes = {
				BuildIndependentTargetsInParallel = 1;
				LastSwiftUpdateCheck = 1520;
				LastUpgradeCheck = 1520;
				TargetAttributes = {
					240A52882B6D8E920000BC6B = {
						CreatedOnToolsVersion = 15.2;
					};
					240A52982B6D8E930000BC6B = {
						CreatedOnToolsVersion = 15.2;
						TestTargetID = 240A52882B6D8E920000BC6B;
					};
					240A52A22B6D8E930000BC6B = {
						CreatedOnToolsVersion = 15.2;
						TestTargetID = 240A52882B6D8E920000BC6B;
					};
				};
			};
			buildConfigurationList = 240A52842B6D8E920000BC6B /* Build configuration list for PBXProject "DessertRecipes" */;
			compatibilityVersion = "Xcode 14.0";
			developmentRegion = en;
			hasScannedForEncodings = 0;
			knownRegions = (
				en,
				Base,
			);
			mainGroup = 240A52802B6D8E920000BC6B;
			productRefGroup = 240A528A2B6D8E920000BC6B /* Products */;
			projectDirPath = "";
			projectRoot = "";
			targets = (
				240A52882B6D8E920000BC6B /* DessertRecipes */,
				240A52982B6D8E930000BC6B /* DessertRecipesTests */,
				240A52A22B6D8E930000BC6B /* DessertRecipesUITests */,
			);
		};
/* End PBXProject section */

/* Begin PBXResourcesBuildPhase section */
		240A52872B6D8E920000BC6B /* Resources */ = {
			isa = PBXResourcesBuildPhase;
			buildActionMask = 2147483647;
			files = (
				240A52942B6D8E930000BC6B /* Preview Assets.xcassets in Resources */,
				240A52CC2B6DA2060000BC6B /* .gitignore in Resources */,
				240A52912B6D8E930000BC6B /* Assets.xcassets in Resources */,
			);
			runOnlyForDeploymentPostprocessing = 0;
		};
		240A52972B6D8E930000BC6B /* Resources */ = {
			isa = PBXResourcesBuildPhase;
			buildActionMask = 2147483647;
			files = (
			);
			runOnlyForDeploymentPostprocessing = 0;
		};
		240A52A12B6D8E930000BC6B /* Resources */ = {
			isa = PBXResourcesBuildPhase;
			buildActionMask = 2147483647;
			files = (
			);
			runOnlyForDeploymentPostprocessing = 0;
		};
/* End PBXResourcesBuildPhase section */

/* Begin PBXSourcesBuildPhase section */
		240A52852B6D8E920000BC6B /* Sources */ = {
			isa = PBXSourcesBuildPhase;
			buildActionMask = 2147483647;
			files = (
				240A52BC2B6D99C70000BC6B /* Meals.swift in Sources */,
				240A52CA2B6D9A760000BC6B /* APIManager.swift in Sources */,
				240A52BE2B6D99D90000BC6B /* MealDetails.swift in Sources */,
				240A528F2B6D8E920000BC6B /* ContentView.swift in Sources */,
				240A52C42B6D9A140000BC6B /* MealDetailView.swift in Sources */,
				240A528D2B6D8E920000BC6B /* DessertRecipesApp.swift in Sources */,
				240A52C22B6D9A060000BC6B /* MealView.swift in Sources */,
			);
			runOnlyForDeploymentPostprocessing = 0;
		};
		240A52952B6D8E930000BC6B /* Sources */ = {
			isa = PBXSourcesBuildPhase;
			buildActionMask = 2147483647;
			files = (
				240A529E2B6D8E930000BC6B /* DessertRecipesTests.swift in Sources */,
			);
			runOnlyForDeploymentPostprocessing = 0;
		};
		240A529F2B6D8E930000BC6B /* Sources */ = {
			isa = PBXSourcesBuildPhase;
			buildActionMask = 2147483647;
			files = (
				240A52A82B6D8E930000BC6B /* DessertRecipesUITests.swift in Sources */,
				240A52AA2B6D8E930000BC6B /* DessertRecipesUITestsLaunchTests.swift in Sources */,
			);
			runOnlyForDeploymentPostprocessing = 0;
		};
/* End PBXSourcesBuildPhase section */

/* Begin PBXTargetDependency section */
		240A529B2B6D8E930000BC6B /* PBXTargetDependency */ = {
			isa = PBXTargetDependency;
			target = 240A52882B6D8E920000BC6B /* DessertRecipes */;
			targetProxy = 240A529A2B6D8E930000BC6B /* PBXContainerItemProxy */;
		};
		240A52A52B6D8E930000BC6B /* PBXTargetDependency */ = {
			isa = PBXTargetDependency;
			target = 240A52882B6D8E920000BC6B /* DessertRecipes */;
			targetProxy = 240A52A42B6D8E930000BC6B /* PBXContainerItemProxy */;
		};
/* End PBXTargetDependency section */

/* Begin XCBuildConfiguration section */
		240A52AB2B6D8E930000BC6B /* Debug */ = {
			isa = XCBuildConfiguration;
			buildSettings = {
				ALWAYS_SEARCH_USER_PATHS = NO;
				ASSETCATALOG_COMPILER_GENERATE_SWIFT_ASSET_SYMBOL_EXTENSIONS = YES;
				CLANG_ANALYZER_NONNULL = YES;
				CLANG_ANALYZER_NUMBER_OBJECT_CONVERSION = YES_AGGRESSIVE;
				CLANG_CXX_LANGUAGE_STANDARD = "gnu++20";
				CLANG_ENABLE_MODULES = YES;
				CLANG_ENABLE_OBJC_ARC = YES;
				CLANG_ENABLE_OBJC_WEAK = YES;
				CLANG_WARN_BLOCK_CAPTURE_AUTORELEASING = YES;
				CLANG_WARN_BOOL_CONVERSION = YES;
				CLANG_WARN_COMMA = YES;
				CLANG_WARN_CONSTANT_CONVERSION = YES;
				CLANG_WARN_DEPRECATED_OBJC_IMPLEMENTATIONS = YES;
				CLANG_WARN_DIRECT_OBJC_ISA_USAGE = YES_ERROR;
				CLANG_WARN_DOCUMENTATION_COMMENTS = YES;
				CLANG_WARN_EMPTY_BODY = YES;
				CLANG_WARN_ENUM_CONVERSION = YES;
				CLANG_WARN_INFINITE_RECURSION = YES;
				CLANG_WARN_INT_CONVERSION = YES;
				CLANG_WARN_NON_LITERAL_NULL_CONVERSION = YES;
				CLANG_WARN_OBJC_IMPLICIT_RETAIN_SELF = YES;
				CLANG_WARN_OBJC_LITERAL_CONVERSION = YES;
				CLANG_WARN_OBJC_ROOT_CLASS = YES_ERROR;
				CLANG_WARN_QUOTED_INCLUDE_IN_FRAMEWORK_HEADER = YES;
				CLANG_WARN_RANGE_LOOP_ANALYSIS = YES;
				CLANG_WARN_STRICT_PROTOTYPES = YES;
				CLANG_WARN_SUSPICIOUS_MOVE = YES;
				CLANG_WARN_UNGUARDED_AVAILABILITY = YES_AGGRESSIVE;
				CLANG_WARN_UNREACHABLE_CODE = YES;
				CLANG_WARN__DUPLICATE_METHOD_MATCH = YES;
				COPY_PHASE_STRIP = NO;
				DEBUG_INFORMATION_FORMAT = dwarf;
				ENABLE_STRICT_OBJC_MSGSEND = YES;
				ENABLE_TESTABILITY = YES;
				ENABLE_USER_SCRIPT_SANDBOXING = YES;
				GCC_C_LANGUAGE_STANDARD = gnu17;
				GCC_DYNAMIC_NO_PIC = NO;
				GCC_NO_COMMON_BLOCKS = YES;
				GCC_OPTIMIZATION_LEVEL = 0;
				GCC_PREPROCESSOR_DEFINITIONS = (
					"DEBUG=1",
					"$(inherited)",
				);
				GCC_WARN_64_TO_32_BIT_CONVERSION = YES;
				GCC_WARN_ABOUT_RETURN_TYPE = YES_ERROR;
				GCC_WARN_UNDECLARED_SELECTOR = YES;
				GCC_WARN_UNINITIALIZED_AUTOS = YES_AGGRESSIVE;
				GCC_WARN_UNUSED_FUNCTION = YES;
				GCC_WARN_UNUSED_VARIABLE = YES;
				IPHONEOS_DEPLOYMENT_TARGET = 17.2;
				LOCALIZATION_PREFERS_STRING_CATALOGS = YES;
				MTL_ENABLE_DEBUG_INFO = INCLUDE_SOURCE;
				MTL_FAST_MATH = YES;
				ONLY_ACTIVE_ARCH = YES;
				SDKROOT = iphoneos;
				SWIFT_ACTIVE_COMPILATION_CONDITIONS = "DEBUG $(inherited)";
				SWIFT_OPTIMIZATION_LEVEL = "-Onone";
			};
			name = Debug;
		};
		240A52AC2B6D8E930000BC6B /* Release */ = {
			isa = XCBuildConfiguration;
			buildSettings = {
				ALWAYS_SEARCH_USER_PATHS = NO;
				ASSETCATALOG_COMPILER_GENERATE_SWIFT_ASSET_SYMBOL_EXTENSIONS = YES;
				CLANG_ANALYZER_NONNULL = YES;
				CLANG_ANALYZER_NUMBER_OBJECT_CONVERSION = YES_AGGRESSIVE;
				CLANG_CXX_LANGUAGE_STANDARD = "gnu++20";
				CLANG_ENABLE_MODULES = YES;
				CLANG_ENABLE_OBJC_ARC = YES;
				CLANG_ENABLE_OBJC_WEAK = YES;
				CLANG_WARN_BLOCK_CAPTURE_AUTORELEASING = YES;
				CLANG_WARN_BOOL_CONVERSION = YES;
				CLANG_WARN_COMMA = YES;
				CLANG_WARN_CONSTANT_CONVERSION = YES;
				CLANG_WARN_DEPRECATED_OBJC_IMPLEMENTATIONS = YES;
				CLANG_WARN_DIRECT_OBJC_ISA_USAGE = YES_ERROR;
				CLANG_WARN_DOCUMENTATION_COMMENTS = YES;
				CLANG_WARN_EMPTY_BODY = YES;
				CLANG_WARN_ENUM_CONVERSION = YES;
				CLANG_WARN_INFINITE_RECURSION = YES;
				CLANG_WARN_INT_CONVERSION = YES;
				CLANG_WARN_NON_LITERAL_NULL_CONVERSION = YES;
				CLANG_WARN_OBJC_IMPLICIT_RETAIN_SELF = YES;
				CLANG_WARN_OBJC_LITERAL_CONVERSION = YES;
				CLANG_WARN_OBJC_ROOT_CLASS = YES_ERROR;
				CLANG_WARN_QUOTED_INCLUDE_IN_FRAMEWORK_HEADER = YES;
				CLANG_WARN_RANGE_LOOP_ANALYSIS = YES;
				CLANG_WARN_STRICT_PROTOTYPES = YES;
				CLANG_WARN_SUSPICIOUS_MOVE = YES;
				CLANG_WARN_UNGUARDED_AVAILABILITY = YES_AGGRESSIVE;
				CLANG_WARN_UNREACHABLE_CODE = YES;
				CLANG_WARN__DUPLICATE_METHOD_MATCH = YES;
				COPY_PHASE_STRIP = NO;
				DEBUG_INFORMATION_FORMAT = "dwarf-with-dsym";
				ENABLE_NS_ASSERTIONS = NO;
				ENABLE_STRICT_OBJC_MSGSEND = YES;
				ENABLE_USER_SCRIPT_SANDBOXING = YES;
				GCC_C_LANGUAGE_STANDARD = gnu17;
				GCC_NO_COMMON_BLOCKS = YES;
				GCC_WARN_64_TO_32_BIT_CONVERSION = YES;
				GCC_WARN_ABOUT_RETURN_TYPE = YES_ERROR;
				GCC_WARN_UNDECLARED_SELECTOR = YES;
				GCC_WARN_UNINITIALIZED_AUTOS = YES_AGGRESSIVE;
				GCC_WARN_UNUSED_FUNCTION = YES;
				GCC_WARN_UNUSED_VARIABLE = YES;
				IPHONEOS_DEPLOYMENT_TARGET = 17.2;
				LOCALIZATION_PREFERS_STRING_CATALOGS = YES;
				MTL_ENABLE_DEBUG_INFO = NO;
				MTL_FAST_MATH = YES;
				SDKROOT = iphoneos;
				SWIFT_COMPILATION_MODE = wholemodule;
				VALIDATE_PRODUCT = YES;
			};
			name = Release;
		};
		240A52AE2B6D8E930000BC6B /* Debug */ = {
			isa = XCBuildConfiguration;
			buildSettings = {
				ASSETCATALOG_COMPILER_APPICON_NAME = AppIcon;
				ASSETCATALOG_COMPILER_GLOBAL_ACCENT_COLOR_NAME = AccentColor;
				CODE_SIGN_STYLE = Automatic;
				CURRENT_PROJECT_VERSION = 1;
				DEVELOPMENT_ASSET_PATHS = "\"DessertRecipes/Preview Content\"";
				ENABLE_PREVIEWS = YES;
				GENERATE_INFOPLIST_FILE = YES;
				INFOPLIST_KEY_UIApplicationSceneManifest_Generation = YES;
				INFOPLIST_KEY_UIApplicationSupportsIndirectInputEvents = YES;
				INFOPLIST_KEY_UILaunchScreen_Generation = YES;
				INFOPLIST_KEY_UISupportedInterfaceOrientations_iPad = "UIInterfaceOrientationPortrait UIInterfaceOrientationPortraitUpsideDown UIInterfaceOrientationLandscapeLeft UIInterfaceOrientationLandscapeRight";
				INFOPLIST_KEY_UISupportedInterfaceOrientations_iPhone = "UIInterfaceOrientationPortrait UIInterfaceOrientationLandscapeLeft UIInterfaceOrientationLandscapeRight";
				LD_RUNPATH_SEARCH_PATHS = (
					"$(inherited)",
					"@executable_path/Frameworks",
				);
				MARKETING_VERSION = 1.0;
				PRODUCT_BUNDLE_IDENTIFIER = com.rahul.DessertRecipes;
				PRODUCT_NAME = "$(TARGET_NAME)";
				SWIFT_EMIT_LOC_STRINGS = YES;
				SWIFT_VERSION = 5.0;
				TARGETED_DEVICE_FAMILY = "1,2";
			};
			name = Debug;
		};
		240A52AF2B6D8E930000BC6B /* Release */ = {
			isa = XCBuildConfiguration;
			buildSettings = {
				ASSETCATALOG_COMPILER_APPICON_NAME = AppIcon;
				ASSETCATALOG_COMPILER_GLOBAL_ACCENT_COLOR_NAME = AccentColor;
				CODE_SIGN_STYLE = Automatic;
				CURRENT_PROJECT_VERSION = 1;
				DEVELOPMENT_ASSET_PATHS = "\"DessertRecipes/Preview Content\"";
				ENABLE_PREVIEWS = YES;
				GENERATE_INFOPLIST_FILE = YES;
				INFOPLIST_KEY_UIApplicationSceneManifest_Generation = YES;
				INFOPLIST_KEY_UIApplicationSupportsIndirectInputEvents = YES;
				INFOPLIST_KEY_UILaunchScreen_Generation = YES;
				INFOPLIST_KEY_UISupportedInterfaceOrientations_iPad = "UIInterfaceOrientationPortrait UIInterfaceOrientationPortraitUpsideDown UIInterfaceOrientationLandscapeLeft UIInterfaceOrientationLandscapeRight";
				INFOPLIST_KEY_UISupportedInterfaceOrientations_iPhone = "UIInterfaceOrientationPortrait UIInterfaceOrientationLandscapeLeft UIInterfaceOrientationLandscapeRight";
				LD_RUNPATH_SEARCH_PATHS = (
					"$(inherited)",
					"@executable_path/Frameworks",
				);
				MARKETING_VERSION = 1.0;
				PRODUCT_BUNDLE_IDENTIFIER = com.rahul.DessertRecipes;
				PRODUCT_NAME = "$(TARGET_NAME)";
				SWIFT_EMIT_LOC_STRINGS = YES;
				SWIFT_VERSION = 5.0;
				TARGETED_DEVICE_FAMILY = "1,2";
			};
			name = Release;
		};
		240A52B12B6D8E930000BC6B /* Debug */ = {
			isa = XCBuildConfiguration;
			buildSettings = {
				ALWAYS_EMBED_SWIFT_STANDARD_LIBRARIES = YES;
				BUNDLE_LOADER = "$(TEST_HOST)";
				CODE_SIGN_STYLE = Automatic;
				CURRENT_PROJECT_VERSION = 1;
				GENERATE_INFOPLIST_FILE = YES;
				IPHONEOS_DEPLOYMENT_TARGET = 17.2;
				MARKETING_VERSION = 1.0;
				PRODUCT_BUNDLE_IDENTIFIER = com.rahul.DessertRecipesTests;
				PRODUCT_NAME = "$(TARGET_NAME)";
				SWIFT_EMIT_LOC_STRINGS = NO;
				SWIFT_VERSION = 5.0;
				TARGETED_DEVICE_FAMILY = "1,2";
				TEST_HOST = "$(BUILT_PRODUCTS_DIR)/DessertRecipes.app/$(BUNDLE_EXECUTABLE_FOLDER_PATH)/DessertRecipes";
			};
			name = Debug;
		};
		240A52B22B6D8E930000BC6B /* Release */ = {
			isa = XCBuildConfiguration;
			buildSettings = {
				ALWAYS_EMBED_SWIFT_STANDARD_LIBRARIES = YES;
				BUNDLE_LOADER = "$(TEST_HOST)";
				CODE_SIGN_STYLE = Automatic;
				CURRENT_PROJECT_VERSION = 1;
				GENERATE_INFOPLIST_FILE = YES;
				IPHONEOS_DEPLOYMENT_TARGET = 17.2;
				MARKETING_VERSION = 1.0;
				PRODUCT_BUNDLE_IDENTIFIER = com.rahul.DessertRecipesTests;
				PRODUCT_NAME = "$(TARGET_NAME)";
				SWIFT_EMIT_LOC_STRINGS = NO;
				SWIFT_VERSION = 5.0;
				TARGETED_DEVICE_FAMILY = "1,2";
				TEST_HOST = "$(BUILT_PRODUCTS_DIR)/DessertRecipes.app/$(BUNDLE_EXECUTABLE_FOLDER_PATH)/DessertRecipes";
			};
			name = Release;
		};
		240A52B42B6D8E930000BC6B /* Debug */ = {
			isa = XCBuildConfiguration;
			buildSettings = {
				ALWAYS_EMBED_SWIFT_STANDARD_LIBRARIES = YES;
				CODE_SIGN_STYLE = Automatic;
				CURRENT_PROJECT_VERSION = 1;
				GENERATE_INFOPLIST_FILE = YES;
				MARKETING_VERSION = 1.0;
				PRODUCT_BUNDLE_IDENTIFIER = com.rahul.DessertRecipesUITests;
				PRODUCT_NAME = "$(TARGET_NAME)";
				SWIFT_EMIT_LOC_STRINGS = NO;
				SWIFT_VERSION = 5.0;
				TARGETED_DEVICE_FAMILY = "1,2";
				TEST_TARGET_NAME = DessertRecipes;
			};
			name = Debug;
		};
		240A52B52B6D8E930000BC6B /* Release */ = {
			isa = XCBuildConfiguration;
			buildSettings = {
				ALWAYS_EMBED_SWIFT_STANDARD_LIBRARIES = YES;
				CODE_SIGN_STYLE = Automatic;
				CURRENT_PROJECT_VERSION = 1;
				GENERATE_INFOPLIST_FILE = YES;
				MARKETING_VERSION = 1.0;
				PRODUCT_BUNDLE_IDENTIFIER = com.rahul.DessertRecipesUITests;
				PRODUCT_NAME = "$(TARGET_NAME)";
				SWIFT_EMIT_LOC_STRINGS = NO;
				SWIFT_VERSION = 5.0;
				TARGETED_DEVICE_FAMILY = "1,2";
				TEST_TARGET_NAME = DessertRecipes;
			};
			name = Release;
		};
/* End XCBuildConfiguration section */

/* Begin XCConfigurationList section */
		240A52842B6D8E920000BC6B /* Build configuration list for PBXProject "DessertRecipes" */ = {
			isa = XCConfigurationList;
			buildConfigurations = (
				240A52AB2B6D8E930000BC6B /* Debug */,
				240A52AC2B6D8E930000BC6B /* Release */,
			);
			defaultConfigurationIsVisible = 0;
			defaultConfigurationName = Release;
		};
		240A52AD2B6D8E930000BC6B /* Build configuration list for PBXNativeTarget "DessertRecipes" */ = {
			isa = XCConfigurationList;
			buildConfigurations = (
				240A52AE2B6D8E930000BC6B /* Debug */,
				240A52AF2B6D8E930000BC6B /* Release */,
			);
			defaultConfigurationIsVisible = 0;
			defaultConfigurationName = Release;
		};
		240A52B02B6D8E930000BC6B /* Build configuration list for PBXNativeTarget "DessertRecipesTests" */ = {
			isa = XCConfigurationList;
			buildConfigurations = (
				240A52B12B6D8E930000BC6B /* Debug */,
				240A52B22B6D8E930000BC6B /* Release */,
			);
			defaultConfigurationIsVisible = 0;
			defaultConfigurationName = Release;
		};
		240A52B32B6D8E930000BC6B /* Build configuration list for PBXNativeTarget "DessertRecipesUITests" */ = {
			isa = XCConfigurationList;
			buildConfigurations = (
				240A52B42B6D8E930000BC6B /* Debug */,
				240A52B52B6D8E930000BC6B /* Release */,
			);
			defaultConfigurationIsVisible = 0;
			defaultConfigurationName = Release;
		};
/* End XCConfigurationList section */
	};
	rootObject = 240A52812B6D8E920000BC6B /* Project object */;
}
